
Microsoft Visual Studio Solution File, Format Version 12.00
# Visual Studio Version 16
VisualStudioVersion = 16.0.31402.337
MinimumVisualStudioVersion = 10.0.40219.1
Project("{FAE04EC0-301F-11D3-BF4B-00C04F79EFBC}") = "FileProcessor", "FileProcessor\FileProcessor.csproj", "{820D9CB3-C46B-4E68-9F1D-F05C18BB2FCF}"
EndProject
Global
	GlobalSection(SolutionConfigurationPlatforms) = preSolution
		Debug|Any CPU = Debug|Any CPU
		Release|Any CPU = Release|Any CPU
	EndGlobalSection
	GlobalSection(ProjectConfigurationPlatforms) = postSolution
		{820D9CB3-C46B-4E68-9F1D-F05C18BB2FCF}.Debug|Any CPU.ActiveCfg = Debug|Any CPU
		{820D9CB3-C46B-4E68-9F1D-F05C18BB2FCF}.Debug|Any CPU.Build.0 = Debug|Any CPU
		{820D9CB3-C46B-4E68-9F1D-F05C18BB2FCF}.Release|Any CPU.ActiveCfg = Release|Any CPU
		{820D9CB3-C46B-4E68-9F1D-F05C18BB2FCF}.Release|Any CPU.Build.0 = Release|Any CPU
	EndGlobalSection
	GlobalSection(SolutionProperties) = preSolution
		HideSolutionNode = FALSE
	EndGlobalSection
	GlobalSection(ExtensibilityGlobals) = postSolution
		SolutionGuid = {BDD331A4-F965-43D2-BF20-AD1580BCB5BF}
	EndGlobalSection
EndGlobal
